
Microsoft Visual Studio Solution File, Format Version 12.00
# Visual Studio Version 17
VisualStudioVersion = 17.3.32929.385
MinimumVisualStudioVersion = 10.0.40219.1
Project("{FAE04EC0-301F-11D3-BF4B-00C04F79EFBC}") = "MarksheetApplicationCSharp", "MarksheetApplicationCSharp\MarksheetApplicationCSharp.csproj", "{A493BEA4-D3B5-47CD-8388-DC775C07144F}"
EndProject
Global
	GlobalSection(SolutionConfigurationPlatforms) = preSolution
		Debug|Any CPU = Debug|Any CPU
		Release|Any CPU = Release|Any CPU
	EndGlobalSection
	GlobalSection(ProjectConfigurationPlatforms) = postSolution
		{A493BEA4-D3B5-47CD-8388-DC775C07144F}.Debug|Any CPU.ActiveCfg = Debug|Any CPU
		{A493BEA4-D3B5-47CD-8388-DC775C07144F}.Debug|Any CPU.Build.0 = Debug|Any CPU
		{A493BEA4-D3B5-47CD-8388-DC775C07144F}.Release|Any CPU.ActiveCfg = Release|Any CPU
		{A493BEA4-D3B5-47CD-8388-DC775C07144F}.Release|Any CPU.Build.0 = Release|Any CPU
	EndGlobalSection
	GlobalSection(SolutionProperties) = preSolution
		HideSolutionNode = FALSE
	EndGlobalSection
	GlobalSection(ExtensibilityGlobals) = postSolution
		SolutionGuid = {16AD1397-8B32-4365-8A8B-6538B3195108}
	EndGlobalSection
EndGlobal
